
Microsoft Visual Studio Solution File, Format Version 12.00
# Visual Studio Version 16
VisualStudioVersion = 16.0.30225.117
MinimumVisualStudioVersion = 10.0.40219.1
Project("{FAE04EC0-301F-11D3-BF4B-00C04F79EFBC}") = "eshop", "eshop.csproj", "{49B6C3AD-59A1-4136-B23B-6E4848D40B2E}"
EndProject
Global
	GlobalSection(SolutionConfigurationPlatforms) = preSolution
		Debug|Any CPU = Debug|Any CPU
		Release|Any CPU = Release|Any CPU
	EndGlobalSection
	GlobalSection(ProjectConfigurationPlatforms) = postSolution
		{49B6C3AD-59A1-4136-B23B-6E4848D40B2E}.Debug|Any CPU.ActiveCfg = Debug|Any CPU
		{49B6C3AD-59A1-4136-B23B-6E4848D40B2E}.Debug|Any CPU.Build.0 = Debug|Any CPU
		{49B6C3AD-59A1-4136-B23B-6E4848D40B2E}.Release|Any CPU.ActiveCfg = Release|Any CPU
		{49B6C3AD-59A1-4136-B23B-6E4848D40B2E}.Release|Any CPU.Build.0 = Release|Any CPU
	EndGlobalSection
	GlobalSection(SolutionProperties) = preSolution
		HideSolutionNode = FALSE
	EndGlobalSection
	GlobalSection(ExtensibilityGlobals) = postSolution
		SolutionGuid = {A5FE150A-F7ED-4CB3-9B57-2D0E42EA51CE}
	EndGlobalSection
EndGlobal
